
Microsoft Visual Studio Solution File, Format Version 11.00
# Visual Studio 2010
Project("{8BC9CEB8-8B4A-11D0-8D11-00A0C91BC942}") = "GmAchvmnts", "GmAchvmnts\GmAchvmnts.vcxproj", "{E57347AF-B7A3-48D0-902A-CA8B88E35B29}"
EndProject
Global
	GlobalSection(SolutionConfigurationPlatforms) = preSolution
		Debug|Win32 = Debug|Win32
		Release|Win32 = Release|Win32
	EndGlobalSection
	GlobalSection(ProjectConfigurationPlatforms) = postSolution
		{E57347AF-B7A3-48D0-902A-CA8B88E35B29}.Debug|Win32.ActiveCfg = Debug|Win32
		{E57347AF-B7A3-48D0-902A-CA8B88E35B29}.Debug|Win32.Build.0 = Debug|Win32
		{E57347AF-B7A3-48D0-902A-CA8B88E35B29}.Release|Win32.ActiveCfg = Release|Win32
		{E57347AF-B7A3-48D0-902A-CA8B88E35B29}.Release|Win32.Build.0 = Release|Win32
	EndGlobalSection
	GlobalSection(SolutionProperties) = preSolution
		HideSolutionNode = FALSE
	EndGlobalSection
EndGlobal
